
Microsoft Visual Studio Solution File, Format Version 12.00
# Visual Studio Version 16
VisualStudioVersion = 16.0.30804.86
MinimumVisualStudioVersion = 10.0.40219.1
Project("{FAE04EC0-301F-11D3-BF4B-00C04F79EFBC}") = "WebAPI", "WebAPI\WebAPI.csproj", "{43D28FBE-1CAC-49F3-B468-C0688D42E7AD}"
EndProject
Global
	GlobalSection(SolutionConfigurationPlatforms) = preSolution
		Debug|Any CPU = Debug|Any CPU
		Release|Any CPU = Release|Any CPU
	EndGlobalSection
	GlobalSection(ProjectConfigurationPlatforms) = postSolution
		{43D28FBE-1CAC-49F3-B468-C0688D42E7AD}.Debug|Any CPU.ActiveCfg = Debug|Any CPU
		{43D28FBE-1CAC-49F3-B468-C0688D42E7AD}.Debug|Any CPU.Build.0 = Debug|Any CPU
		{43D28FBE-1CAC-49F3-B468-C0688D42E7AD}.Release|Any CPU.ActiveCfg = Release|Any CPU
		{43D28FBE-1CAC-49F3-B468-C0688D42E7AD}.Release|Any CPU.Build.0 = Release|Any CPU
	EndGlobalSection
	GlobalSection(SolutionProperties) = preSolution
		HideSolutionNode = FALSE
	EndGlobalSection
	GlobalSection(ExtensibilityGlobals) = postSolution
		SolutionGuid = {26E38A92-0014-4FAA-A051-3466E00031C9}
	EndGlobalSection
EndGlobal
